
Microsoft Visual Studio Solution File, Format Version 12.00
# Visual Studio Version 16
VisualStudioVersion = 16.0.30104.148
MinimumVisualStudioVersion = 10.0.40219.1
Project("{FAE04EC0-301F-11D3-BF4B-00C04F79EFBC}") = "NewMockAssessment2Tests", "NewMockAssessment2Tests\NewMockAssessment2Tests.csproj", "{0E74758C-2D9C-45EE-9B2F-8489D1941F33}"
EndProject
Global
	GlobalSection(SolutionConfigurationPlatforms) = preSolution
		Debug|Any CPU = Debug|Any CPU
		Release|Any CPU = Release|Any CPU
	EndGlobalSection
	GlobalSection(ProjectConfigurationPlatforms) = postSolution
		{0E74758C-2D9C-45EE-9B2F-8489D1941F33}.Debug|Any CPU.ActiveCfg = Debug|Any CPU
		{0E74758C-2D9C-45EE-9B2F-8489D1941F33}.Debug|Any CPU.Build.0 = Debug|Any CPU
		{0E74758C-2D9C-45EE-9B2F-8489D1941F33}.Release|Any CPU.ActiveCfg = Release|Any CPU
		{0E74758C-2D9C-45EE-9B2F-8489D1941F33}.Release|Any CPU.Build.0 = Release|Any CPU
	EndGlobalSection
	GlobalSection(SolutionProperties) = preSolution
		HideSolutionNode = FALSE
	EndGlobalSection
	GlobalSection(ExtensibilityGlobals) = postSolution
		SolutionGuid = {53EDBB60-0ACD-45A6-AC82-AED77E58953F}
	EndGlobalSection
EndGlobal
